// !$*UTF8*$!
{
	archiveVersion = 1;
	classes = {
	};
	objectVersion = 50;
	objects = {

/* Begin PBXBuildFile section */
		840ABB3322B7E279001137DE /* AppDelegate.swift in Sources */ = {isa = PBXBuildFile; fileRef = 840ABB3222B7E279001137DE /* AppDelegate.swift */; };
		840ABB3522B7E279001137DE /* ViewController.swift in Sources */ = {isa = PBXBuildFile; fileRef = 840ABB3422B7E279001137DE /* ViewController.swift */; };
		840ABB3822B7E279001137DE /* Main.storyboard in Resources */ = {isa = PBXBuildFile; fileRef = 840ABB3622B7E279001137DE /* Main.storyboard */; };
		840ABB3A22B7E27A001137DE /* Assets.xcassets in Resources */ = {isa = PBXBuildFile; fileRef = 840ABB3922B7E27A001137DE /* Assets.xcassets */; };
		840ABB3D22B7E27A001137DE /* LaunchScreen.storyboard in Resources */ = {isa = PBXBuildFile; fileRef = 840ABB3B22B7E27A001137DE /* LaunchScreen.storyboard */; };
		840ABB4822B7E27A001137DE /* SideMenu1Tests.swift in Sources */ = {isa = PBXBuildFile; fileRef = 840ABB4722B7E27A001137DE /* SideMenu1Tests.swift */; };
		840ABB5322B7E27A001137DE /* SideMenu1UITests.swift in Sources */ = {isa = PBXBuildFile; fileRef = 840ABB5222B7E27A001137DE /* SideMenu1UITests.swift */; };
		840ABB6422B7E7AE001137DE /* SWRevealViewController.m in Sources */ = {isa = PBXBuildFile; fileRef = 840ABB6122B7E409001137DE /* SWRevealViewController.m */; };
/* End PBXBuildFile section */

/* Begin PBXContainerItemProxy section */
		840ABB4422B7E27A001137DE /* PBXContainerItemProxy */ = {
			isa = PBXContainerItemProxy;
			containerPortal = 840ABB2722B7E279001137DE /* Project object */;
			proxyType = 1;
			remoteGlobalIDString = 840ABB2E22B7E279001137DE;
			remoteInfo = SideMenu1;
		};
		840ABB4F22B7E27A001137DE /* PBXContainerItemProxy */ = {
			isa = PBXContainerItemProxy;
			containerPortal = 840ABB2722B7E279001137DE /* Project object */;
			proxyType = 1;
			remoteGlobalIDString = 840ABB2E22B7E279001137DE;
			remoteInfo = SideMenu1;
		};
/* End PBXContainerItemProxy section */

/* Begin PBXFileReference section */
		840ABB2F22B7E279001137DE /* SideMenu1.app */ = {isa = PBXFileReference; explicitFileType = wrapper.application; includeInIndex = 0; path = SideMenu1.app; sourceTree = BUILT_PRODUCTS_DIR; };
		840ABB3222B7E279001137DE /* AppDelegate.swift */ = {isa = PBXFileReference; lastKnownFileType = sourcecode.swift; path = AppDelegate.swift; sourceTree = "<group>"; };
		840ABB3422B7E279001137DE /* ViewController.swift */ = {isa = PBXFileReference; lastKnownFileType = sourcecode.swift; path = ViewController.swift; sourceTree = "<group>"; };
		840ABB3722B7E279001137DE /* Base */ = {isa = PBXFileReference; lastKnownFileType = file.storyboard; name = Base; path = Base.lproj/Main.storyboard; sourceTree = "<group>"; };
		840ABB3922B7E27A001137DE /* Assets.xcassets */ = {isa = PBXFileReference; lastKnownFileType = folder.assetcatalog; path = Assets.xcassets; sourceTree = "<group>"; };
		840ABB3C22B7E27A001137DE /* Base */ = {isa = PBXFileReference; lastKnownFileType = file.storyboard; name = Base; path = Base.lproj/LaunchScreen.storyboard; sourceTree = "<group>"; };
		840ABB3E22B7E27A001137DE /* Info.plist */ = {isa = PBXFileReference; lastKnownFileType = text.plist.xml; path = Info.plist; sourceTree = "<group>"; };
		840ABB4322B7E27A001137DE /* SideMenu1Tests.xctest */ = {isa = PBXFileReference; explicitFileType = wrapper.cfbundle; includeInIndex = 0; path = SideMenu1Tests.xctest; sourceTree = BUILT_PRODUCTS_DIR; };
		840ABB4722B7E27A001137DE /* SideMenu1Tests.swift */ = {isa = PBXFileReference; lastKnownFileType = sourcecode.swift; path = SideMenu1Tests.swift; sourceTree = "<group>"; };
		840ABB4922B7E27A001137DE /* Info.plist */ = {isa = PBXFileReference; lastKnownFileType = text.plist.xml; path = Info.plist; sourceTree = "<group>"; };
		840ABB4E22B7E27A001137DE /* SideMenu1UITests.xctest */ = {isa = PBXFileReference; explicitFileType = wrapper.cfbundle; includeInIndex = 0; path = SideMenu1UITests.xctest; sourceTree = BUILT_PRODUCTS_DIR; };
		840ABB5222B7E27A001137DE /* SideMenu1UITests.swift */ = {isa = PBXFileReference; lastKnownFileType = sourcecode.swift; path = SideMenu1UITests.swift; sourceTree = "<group>"; };
		840ABB5422B7E27A001137DE /* Info.plist */ = {isa = PBXFileReference; lastKnownFileType = text.plist.xml; path = Info.plist; sourceTree = "<group>"; };
		840ABB6022B7E408001137DE /* SideMenu1Tests-Bridging-Header.h */ = {isa = PBXFileReference; lastKnownFileType = sourcecode.c.h; path = "SideMenu1Tests-Bridging-Header.h"; sourceTree = "<group>"; };
		840ABB6122B7E409001137DE /* SWRevealViewController.m */ = {isa = PBXFileReference; fileEncoding = 4; lastKnownFileType = sourcecode.c.objc; path = SWRevealViewController.m; sourceTree = "<group>"; };
		840ABB6222B7E409001137DE /* SWRevealViewController.h */ = {isa = PBXFileReference; fileEncoding = 4; lastKnownFileType = sourcecode.c.h; path = SWRevealViewController.h; sourceTree = "<group>"; };
/* End PBXFileReference section */

/* Begin PBXFrameworksBuildPhase section */
		840ABB2C22B7E279001137DE /* Frameworks */ = {
			isa = PBXFrameworksBuildPhase;
			buildActionMask = 2147483647;
			files = (
			);
			runOnlyForDeploymentPostprocessing = 0;
		};
		840ABB4022B7E27A001137DE /* Frameworks */ = {
			isa = PBXFrameworksBuildPhase;
			buildActionMask = 2147483647;
			files = (
			);
			runOnlyForDeploymentPostprocessing = 0;
		};
		840ABB4B22B7E27A001137DE /* Frameworks */ = {
			isa = PBXFrameworksBuildPhase;
			buildActionMask = 2147483647;
			files = (
			);
			runOnlyForDeploymentPostprocessing = 0;
		};
/* End PBXFrameworksBuildPhase section */

/* Begin PBXGroup section */
		840ABB2622B7E279001137DE = {
			isa = PBXGroup;
			children = (
				840ABB3122B7E279001137DE /* SideMenu1 */,
				840ABB4622B7E27A001137DE /* SideMenu1Tests */,
				840ABB5122B7E27A001137DE /* SideMenu1UITests */,
				840ABB3022B7E279001137DE /* Products */,
			);
			sourceTree = "<group>";
		};
		840ABB3022B7E279001137DE /* Products */ = {
			isa = PBXGroup;
			children = (
				840ABB2F22B7E279001137DE /* SideMenu1.app */,
				840ABB4322B7E27A001137DE /* SideMenu1Tests.xctest */,
				840ABB4E22B7E27A001137DE /* SideMenu1UITests.xctest */,
			);
			name = Products;
			sourceTree = "<group>";
		};
		840ABB3122B7E279001137DE /* SideMenu1 */ = {
			isa = PBXGroup;
			children = (
				840ABB3222B7E279001137DE /* AppDelegate.swift */,
				840ABB3422B7E279001137DE /* ViewController.swift */,
				840ABB3622B7E279001137DE /* Main.storyboard */,
				840ABB3922B7E27A001137DE /* Assets.xcassets */,
				840ABB3B22B7E27A001137DE /* LaunchScreen.storyboard */,
				840ABB3E22B7E27A001137DE /* Info.plist */,
				840ABB6222B7E409001137DE /* SWRevealViewController.h */,
				840ABB6122B7E409001137DE /* SWRevealViewController.m */,
				840ABB6022B7E408001137DE /* SideMenu1Tests-Bridging-Header.h */,
			);
			path = SideMenu1;
			sourceTree = "<group>";
		};
		840ABB4622B7E27A001137DE /* SideMenu1Tests */ = {
			isa = PBXGroup;
			children = (
				840ABB4722B7E27A001137DE /* SideMenu1Tests.swift */,
				840ABB4922B7E27A001137DE /* Info.plist */,
			);
			path = SideMenu1Tests;
			sourceTree = "<group>";
		};
		840ABB5122B7E27A001137DE /* SideMenu1UITests */ = {
			isa = PBXGroup;
			children = (
				840ABB5222B7E27A001137DE /* SideMenu1UITests.swift */,
				840ABB5422B7E27A001137DE /* Info.plist */,
			);
			path = SideMenu1UITests;
			sourceTree = "<group>";
		};
/* End PBXGroup section */

/* Begin PBXNativeTarget section */
		840ABB2E22B7E279001137DE /* SideMenu1 */ = {
			isa = PBXNativeTarget;
			buildConfigurationList = 840ABB5722B7E27A001137DE /* Build configuration list for PBXNativeTarget "SideMenu1" */;
			buildPhases = (
				840ABB2B22B7E279001137DE /* Sources */,
				840ABB2C22B7E279001137DE /* Frameworks */,
				840ABB2D22B7E279001137DE /* Resources */,
			);
			buildRules = (
			);
			dependencies = (
			);
			name = SideMenu1;
			productName = SideMenu1;
			productReference = 840ABB2F22B7E279001137DE /* SideMenu1.app */;
			productType = "com.apple.product-type.application";
		};
		840ABB4222B7E27A001137DE /* SideMenu1Tests */ = {
			isa = PBXNativeTarget;
			buildConfigurationList = 840ABB5A22B7E27A001137DE /* Build configuration list for PBXNativeTarget "SideMenu1Tests" */;
			buildPhases = (
				840ABB3F22B7E27A001137DE /* Sources */,
				840ABB4022B7E27A001137DE /* Frameworks */,
				840ABB4122B7E27A001137DE /* Resources */,
			);
			buildRules = (
			);
			dependencies = (
				840ABB4522B7E27A001137DE /* PBXTargetDependency */,
			);
			name = SideMenu1Tests;
			productName = SideMenu1Tests;
			productReference = 840ABB4322B7E27A001137DE /* SideMenu1Tests.xctest */;
			productType = "com.apple.product-type.bundle.unit-test";
		};
		840ABB4D22B7E27A001137DE /* SideMenu1UITests */ = {
			isa = PBXNativeTarget;
			buildConfigurationList = 840ABB5D22B7E27A001137DE /* Build configuration list for PBXNativeTarget "SideMenu1UITests" */;
			buildPhases = (
				840ABB4A22B7E27A001137DE /* Sources */,
				840ABB4B22B7E27A001137DE /* Frameworks */,
				840ABB4C22B7E27A001137DE /* Resources */,
			);
			buildRules = (
			);
			dependencies = (
				840ABB5022B7E27A001137DE /* PBXTargetDependency */,
			);
			name = SideMenu1UITests;
			productName = SideMenu1UITests;
			productReference = 840ABB4E22B7E27A001137DE /* SideMenu1UITests.xctest */;
			productType = "com.apple.product-type.bundle.ui-testing";
		};
/* End PBXNativeTarget section */

/* Begin PBXProject section */
		840ABB2722B7E279001137DE /* Project object */ = {
			isa = PBXProject;
			attributes = {
				LastSwiftUpdateCheck = 1020;
				LastUpgradeCheck = 1020;
				ORGANIZATIONNAME = admin;
				TargetAttributes = {
					840ABB2E22B7E279001137DE = {
						CreatedOnToolsVersion = 10.2.1;
					};
					840ABB4222B7E27A001137DE = {
						CreatedOnToolsVersion = 10.2.1;
						LastSwiftMigration = 1020;
						TestTargetID = 840ABB2E22B7E279001137DE;
					};
					840ABB4D22B7E27A001137DE = {
						CreatedOnToolsVersion = 10.2.1;
						TestTargetID = 840ABB2E22B7E279001137DE;
					};
				};
			};
			buildConfigurationList = 840ABB2A22B7E279001137DE /* Build configuration list for PBXProject "SideMenu1" */;
			compatibilityVersion = "Xcode 9.3";
			developmentRegion = en;
			hasScannedForEncodings = 0;
			knownRegions = (
				en,
				Base,
			);
			mainGroup = 840ABB2622B7E279001137DE;
			productRefGroup = 840ABB3022B7E279001137DE /* Products */;
			projectDirPath = "";
			projectRoot = "";
			targets = (
				840ABB2E22B7E279001137DE /* SideMenu1 */,
				840ABB4222B7E27A001137DE /* SideMenu1Tests */,
				840ABB4D22B7E27A001137DE /* SideMenu1UITests */,
			);
		};
/* End PBXProject section */

/* Begin PBXResourcesBuildPhase section */
		840ABB2D22B7E279001137DE /* Resources */ = {
			isa = PBXResourcesBuildPhase;
			buildActionMask = 2147483647;
			files = (
				840ABB3D22B7E27A001137DE /* LaunchScreen.storyboard in Resources */,
				840ABB3A22B7E27A001137DE /* Assets.xcassets in Resources */,
				840ABB3822B7E279001137DE /* Main.storyboard in Resources */,
			);
			runOnlyForDeploymentPostprocessing = 0;
		};
		840ABB4122B7E27A001137DE /* Resources */ = {
			isa = PBXResourcesBuildPhase;
			buildActionMask = 2147483647;
			files = (
			);
			runOnlyForDeploymentPostprocessing = 0;
		};
		840ABB4C22B7E27A001137DE /* Resources */ = {
			isa = PBXResourcesBuildPhase;
			buildActionMask = 2147483647;
			files = (
			);
			runOnlyForDeploymentPostprocessing = 0;
		};
/* End PBXResourcesBuildPhase section */

/* Begin PBXSourcesBuildPhase section */
		840ABB2B22B7E279001137DE /* Sources */ = {
			isa = PBXSourcesBuildPhase;
			buildActionMask = 2147483647;
			files = (
				840ABB3522B7E279001137DE /* ViewController.swift in Sources */,
				840ABB3322B7E279001137DE /* AppDelegate.swift in Sources */,
				840ABB6422B7E7AE001137DE /* SWRevealViewController.m in Sources */,
			);
			runOnlyForDeploymentPostprocessing = 0;
		};
		840ABB3F22B7E27A001137DE /* Sources */ = {
			isa = PBXSourcesBuildPhase;
			buildActionMask = 2147483647;
			files = (
				840ABB4822B7E27A001137DE /* SideMenu1Tests.swift in Sources */,
			);
			runOnlyForDeploymentPostprocessing = 0;
		};
		840ABB4A22B7E27A001137DE /* Sources */ = {
			isa = PBXSourcesBuildPhase;
			buildActionMask = 2147483647;
			files = (
				840ABB5322B7E27A001137DE /* SideMenu1UITests.swift in Sources */,
			);
			runOnlyForDeploymentPostprocessing = 0;
		};
/* End PBXSourcesBuildPhase section */

/* Begin PBXTargetDependency section */
		840ABB4522B7E27A001137DE /* PBXTargetDependency */ = {
			isa = PBXTargetDependency;
			target = 840ABB2E22B7E279001137DE /* SideMenu1 */;
			targetProxy = 840ABB4422B7E27A001137DE /* PBXContainerItemProxy */;
		};
		840ABB5022B7E27A001137DE /* PBXTargetDependency */ = {
			isa = PBXTargetDependency;
			target = 840ABB2E22B7E279001137DE /* SideMenu1 */;
			targetProxy = 840ABB4F22B7E27A001137DE /* PBXContainerItemProxy */;
		};
/* End PBXTargetDependency section */

/* Begin PBXVariantGroup section */
		840ABB3622B7E279001137DE /* Main.storyboard */ = {
			isa = PBXVariantGroup;
			children = (
				840ABB3722B7E279001137DE /* Base */,
			);
			name = Main.storyboard;
			sourceTree = "<group>";
		};
		840ABB3B22B7E27A001137DE /* LaunchScreen.storyboard */ = {
			isa = PBXVariantGroup;
			children = (
				840ABB3C22B7E27A001137DE /* Base */,
			);
			name = LaunchScreen.storyboard;
			sourceTree = "<group>";
		};
/* End PBXVariantGroup section */

/* Begin XCBuildConfiguration section */
		840ABB5522B7E27A001137DE /* Debug */ = {
			isa = XCBuildConfiguration;
			buildSettings = {
				ALWAYS_SEARCH_USER_PATHS = NO;
				CLANG_ANALYZER_NONNULL = YES;
				CLANG_ANALYZER_NUMBER_OBJECT_CONVERSION = YES_AGGRESSIVE;
				CLANG_CXX_LANGUAGE_STANDARD = "gnu++14";
				CLANG_CXX_LIBRARY = "libc++";
				CLANG_ENABLE_MODULES = YES;
				CLANG_ENABLE_OBJC_ARC = YES;
				CLANG_ENABLE_OBJC_WEAK = YES;
				CLANG_WARN_BLOCK_CAPTURE_AUTORELEASING = YES;
				CLANG_WARN_BOOL_CONVERSION = YES;
				CLANG_WARN_COMMA = YES;
				CLANG_WARN_CONSTANT_CONVERSION = YES;
				CLANG_WARN_DEPRECATED_OBJC_IMPLEMENTATIONS = YES;
				CLANG_WARN_DIRECT_OBJC_ISA_USAGE = YES_ERROR;
				CLANG_WARN_DOCUMENTATION_COMMENTS = YES;
				CLANG_WARN_EMPTY_BODY = YES;
				CLANG_WARN_ENUM_CONVERSION = YES;
				CLANG_WARN_INFINITE_RECURSION = YES;
				CLANG_WARN_INT_CONVERSION = YES;
				CLANG_WARN_NON_LITERAL_NULL_CONVERSION = YES;
				CLANG_WARN_OBJC_IMPLICIT_RETAIN_SELF = YES;
				CLANG_WARN_OBJC_LITERAL_CONVERSION = YES;
				CLANG_WARN_OBJC_ROOT_CLASS = YES_ERROR;
				CLANG_WARN_RANGE_LOOP_ANALYSIS = YES;
				CLANG_WARN_STRICT_PROTOTYPES = YES;
				CLANG_WARN_SUSPICIOUS_MOVE = YES;
				CLANG_WARN_UNGUARDED_AVAILABILITY = YES_AGGRESSIVE;
				CLANG_WARN_UNREACHABLE_CODE = YES;
				CLANG_WARN__DUPLICATE_METHOD_MATCH = YES;
				CODE_SIGN_IDENTITY = "iPhone Developer";
				COPY_PHASE_STRIP = NO;
				DEBUG_INFORMATION_FORMAT = dwarf;
				ENABLE_STRICT_OBJC_MSGSEND = YES;
				ENABLE_TESTABILITY = YES;
				GCC_C_LANGUAGE_STANDARD = gnu11;
				GCC_DYNAMIC_NO_PIC = NO;
				GCC_NO_COMMON_BLOCKS = YES;
				GCC_OPTIMIZATION_LEVEL = 0;
				GCC_PREPROCESSOR_DEFINITIONS = (
					"DEBUG=1",
					"$(inherited)",
				);
				GCC_WARN_64_TO_32_BIT_CONVERSION = YES;
				GCC_WARN_ABOUT_RETURN_TYPE = YES_ERROR;
				GCC_WARN_UNDECLARED_SELECTOR = YES;
				GCC_WARN_UNINITIALIZED_AUTOS = YES_AGGRESSIVE;
				GCC_WARN_UNUSED_FUNCTION = YES;
				GCC_WARN_UNUSED_VARIABLE = YES;
				IPHONEOS_DEPLOYMENT_TARGET = 12.2;
				MTL_ENABLE_DEBUG_INFO = INCLUDE_SOURCE;
				MTL_FAST_MATH = YES;
				ONLY_ACTIVE_ARCH = YES;
				SDKROOT = iphoneos;
				SWIFT_ACTIVE_COMPILATION_CONDITIONS = DEBUG;
				SWIFT_OPTIMIZATION_LEVEL = "-Onone";
			};
			name = Debug;
		};
		840ABB5622B7E27A001137DE /* Release */ = {
			isa = XCBuildConfiguration;
			buildSettings = {
				ALWAYS_SEARCH_USER_PATHS = NO;
				CLANG_ANALYZER_NONNULL = YES;
				CLANG_ANALYZER_NUMBER_OBJECT_CONVERSION = YES_AGGRESSIVE;
				CLANG_CXX_LANGUAGE_STANDARD = "gnu++14";
				CLANG_CXX_LIBRARY = "libc++";
				CLANG_ENABLE_MODULES = YES;
				CLANG_ENABLE_OBJC_ARC = YES;
				CLANG_ENABLE_OBJC_WEAK = YES;
				CLANG_WARN_BLOCK_CAPTURE_AUTORELEASING = YES;
				CLANG_WARN_BOOL_CONVERSION = YES;
				CLANG_WARN_COMMA = YES;
				CLANG_WARN_CONSTANT_CONVERSION = YES;
				CLANG_WARN_DEPRECATED_OBJC_IMPLEMENTATIONS = YES;
				CLANG_WARN_DIRECT_OBJC_ISA_USAGE = YES_ERROR;
				CLANG_WARN_DOCUMENTATION_COMMENTS = YES;
				CLANG_WARN_EMPTY_BODY = YES;
				CLANG_WARN_ENUM_CONVERSION = YES;
				CLANG_WARN_INFINITE_RECURSION = YES;
				CLANG_WARN_INT_CONVERSION = YES;
				CLANG_WARN_NON_LITERAL_NULL_CONVERSION = YES;
				CLANG_WARN_OBJC_IMPLICIT_RETAIN_SELF = YES;
				CLANG_WARN_OBJC_LITERAL_CONVERSION = YES;
				CLANG_WARN_OBJC_ROOT_CLASS = YES_ERROR;
				CLANG_WARN_RANGE_LOOP_ANALYSIS = YES;
				CLANG_WARN_STRICT_PROTOTYPES = YES;
				CLANG_WARN_SUSPICIOUS_MOVE = YES;
				CLANG_WARN_UNGUARDED_AVAILABILITY = YES_AGGRESSIVE;
				CLANG_WARN_UNREACHABLE_CODE = YES;
				CLANG_WARN__DUPLICATE_METHOD_MATCH = YES;
				CODE_SIGN_IDENTITY = "iPhone Developer";
				COPY_PHASE_STRIP = NO;
				DEBUG_INFORMATION_FORMAT = "dwarf-with-dsym";
				ENABLE_NS_ASSERTIONS = NO;
				ENABLE_STRICT_OBJC_MSGSEND = YES;
				GCC_C_LANGUAGE_STANDARD = gnu11;
				GCC_NO_COMMON_BLOCKS = YES;
				GCC_WARN_64_TO_32_BIT_CONVERSION = YES;
				GCC_WARN_ABOUT_RETURN_TYPE = YES_ERROR;
				GCC_WARN_UNDECLARED_SELECTOR = YES;
				GCC_WARN_UNINITIALIZED_AUTOS = YES_AGGRESSIVE;
				GCC_WARN_UNUSED_FUNCTION = YES;
				GCC_WARN_UNUSED_VARIABLE = YES;
				IPHONEOS_DEPLOYMENT_TARGET = 12.2;
				MTL_ENABLE_DEBUG_INFO = NO;
				MTL_FAST_MATH = YES;
				SDKROOT = iphoneos;
				SWIFT_COMPILATION_MODE = wholemodule;
				SWIFT_OPTIMIZATION_LEVEL = "-O";
				VALIDATE_PRODUCT = YES;
			};
			name = Release;
		};
		840ABB5822B7E27A001137DE /* Debug */ = {
			isa = XCBuildConfiguration;
			buildSettings = {
				ASSETCATALOG_COMPILER_APPICON_NAME = AppIcon;
				CODE_SIGN_STYLE = Automatic;
				INFOPLIST_FILE = SideMenu1/Info.plist;
				LD_RUNPATH_SEARCH_PATHS = (
					"$(inherited)",
					"@executable_path/Frameworks",
				);
				PRODUCT_BUNDLE_IDENTIFIER = admin.SideMenu1;
				PRODUCT_NAME = "$(TARGET_NAME)";
				SWIFT_VERSION = 5.0;
				TARGETED_DEVICE_FAMILY = "1,2";
			};
			name = Debug;
		};
		840ABB5922B7E27A001137DE /* Release */ = {
			isa = XCBuildConfiguration;
			buildSettings = {
				ASSETCATALOG_COMPILER_APPICON_NAME = AppIcon;
				CODE_SIGN_STYLE = Automatic;
				INFOPLIST_FILE = SideMenu1/Info.plist;
				LD_RUNPATH_SEARCH_PATHS = (
					"$(inherited)",
					"@executable_path/Frameworks",
				);
				PRODUCT_BUNDLE_IDENTIFIER = admin.SideMenu1;
				PRODUCT_NAME = "$(TARGET_NAME)";
				SWIFT_VERSION = 5.0;
				TARGETED_DEVICE_FAMILY = "1,2";
			};
			name = Release;
		};
		840ABB5B22B7E27A001137DE /* Debug */ = {
			isa = XCBuildConfiguration;
			buildSettings = {
				ALWAYS_EMBED_SWIFT_STANDARD_LIBRARIES = YES;
				BUNDLE_LOADER = "$(TEST_HOST)";
				CLANG_ENABLE_MODULES = YES;
				CODE_SIGN_STYLE = Automatic;
				INFOPLIST_FILE = SideMenu1Tests/Info.plist;
				LD_RUNPATH_SEARCH_PATHS = (
					"$(inherited)",
					"@executable_path/Frameworks",
					"@loader_path/Frameworks",
				);
				PRODUCT_BUNDLE_IDENTIFIER = admin.SideMenu1Tests;
				PRODUCT_NAME = "$(TARGET_NAME)";
				SWIFT_OBJC_BRIDGING_HEADER = "SideMenu1Tests/SideMenu1Tests-Bridging-Header.h";
				SWIFT_OPTIMIZATION_LEVEL = "-Onone";
				SWIFT_VERSION = 5.0;
				TARGETED_DEVICE_FAMILY = "1,2";
				TEST_HOST = "$(BUILT_PRODUCTS_DIR)/SideMenu1.app/SideMenu1";
			};
			name = Debug;
		};
		840ABB5C22B7E27A001137DE /* Release */ = {
			isa = XCBuildConfiguration;
			buildSettings = {
				ALWAYS_EMBED_SWIFT_STANDARD_LIBRARIES = YES;
				BUNDLE_LOADER = "$(TEST_HOST)";
				CLANG_ENABLE_MODULES = YES;
				CODE_SIGN_STYLE = Automatic;
				INFOPLIST_FILE = SideMenu1Tests/Info.plist;
				LD_RUNPATH_SEARCH_PATHS = (
					"$(inherited)",
					"@executable_path/Frameworks",
					"@loader_path/Frameworks",
				);
				PRODUCT_BUNDLE_IDENTIFIER = admin.SideMenu1Tests;
				PRODUCT_NAME = "$(TARGET_NAME)";
				SWIFT_OBJC_BRIDGING_HEADER = "SideMenu1Tests/SideMenu1Tests-Bridging-Header.h";
				SWIFT_VERSION = 5.0;
				TARGETED_DEVICE_FAMILY = "1,2";
				TEST_HOST = "$(BUILT_PRODUCTS_DIR)/SideMenu1.app/SideMenu1";
			};
			name = Release;
		};
		840ABB5E22B7E27A001137DE /* Debug */ = {
			isa = XCBuildConfiguration;
			buildSettings = {
				ALWAYS_EMBED_SWIFT_STANDARD_LIBRARIES = YES;
				CODE_SIGN_STYLE = Automatic;
				INFOPLIST_FILE = SideMenu1UITests/Info.plist;
				LD_RUNPATH_SEARCH_PATHS = (
					"$(inherited)",
					"@executable_path/Frameworks",
					"@loader_path/Frameworks",
				);
				PRODUCT_BUNDLE_IDENTIFIER = admin.SideMenu1UITests;
				PRODUCT_NAME = "$(TARGET_NAME)";
				SWIFT_VERSION = 5.0;
				TARGETED_DEVICE_FAMILY = "1,2";
				TEST_TARGET_NAME = SideMenu1;
			};
			name = Debug;
		};
		840ABB5F22B7E27A001137DE /* Release */ = {
			isa = XCBuildConfiguration;
			buildSettings = {
				ALWAYS_EMBED_SWIFT_STANDARD_LIBRARIES = YES;
				CODE_SIGN_STYLE = Automatic;
				INFOPLIST_FILE = SideMenu1UITests/Info.plist;
				LD_RUNPATH_SEARCH_PATHS = (
					"$(inherited)",
					"@executable_path/Frameworks",
					"@loader_path/Frameworks",
				);
				PRODUCT_BUNDLE_IDENTIFIER = admin.SideMenu1UITests;
				PRODUCT_NAME = "$(TARGET_NAME)";
				SWIFT_VERSION = 5.0;
				TARGETED_DEVICE_FAMILY = "1,2";
				TEST_TARGET_NAME = SideMenu1;
			};
			name = Release;
		};
/* End XCBuildConfiguration section */

/* Begin XCConfigurationList section */
		840ABB2A22B7E279001137DE /* Build configuration list for PBXProject "SideMenu1" */ = {
			isa = XCConfigurationList;
			buildConfigurations = (
				840ABB5522B7E27A001137DE /* Debug */,
				840ABB5622B7E27A001137DE /* Release */,
			);
			defaultConfigurationIsVisible = 0;
			defaultConfigurationName = Release;
		};
		840ABB5722B7E27A001137DE /* Build configuration list for PBXNativeTarget "SideMenu1" */ = {
			isa = XCConfigurationList;
			buildConfigurations = (
				840ABB5822B7E27A001137DE /* Debug */,
				840ABB5922B7E27A001137DE /* Release */,
			);
			defaultConfigurationIsVisible = 0;
			defaultConfigurationName = Release;
		};
		840ABB5A22B7E27A001137DE /* Build configuration list for PBXNativeTarget "SideMenu1Tests" */ = {
			isa = XCConfigurationList;
			buildConfigurations = (
				840ABB5B22B7E27A001137DE /* Debug */,
				840ABB5C22B7E27A001137DE /* Release */,
			);
			defaultConfigurationIsVisible = 0;
			defaultConfigurationName = Release;
		};
		840ABB5D22B7E27A001137DE /* Build configuration list for PBXNativeTarget "SideMenu1UITests" */ = {
			isa = XCConfigurationList;
			buildConfigurations = (
				840ABB5E22B7E27A001137DE /* Debug */,
				840ABB5F22B7E27A001137DE /* Release */,
			);
			defaultConfigurationIsVisible = 0;
			defaultConfigurationName = Release;
		};
/* End XCConfigurationList section */
	};
	rootObject = 840ABB2722B7E279001137DE /* Project object */;
}
